// !$*UTF8*$!
{
	archiveVersion = 1;
	classes = {
	};
	objectVersion = 77;
	objects = {

/* Begin PBXBuildFile section */
		10A53B802CDC131D00D1D8F8 /* Preview Assets.xcassets in Resources */ = {isa = PBXBuildFile; fileRef = 10A53B742CDC131D00D1D8F8 /* Preview Assets.xcassets */; };
		10A53B812CDC131D00D1D8F8 /* Assets.xcassets in Resources */ = {isa = PBXBuildFile; fileRef = 10A53B762CDC131D00D1D8F8 /* Assets.xcassets */; };
		10A53B822CDC131D00D1D8F8 /* WeatherView.swift in Sources */ = {isa = PBXBuildFile; fileRef = 10A53B772CDC131D00D1D8F8 /* WeatherView.swift */; };
		10A53B832CDC131D00D1D8F8 /* WeatherViewAsync.swift in Sources */ = {isa = PBXBuildFile; fileRef = 10A53B782CDC131D00D1D8F8 /* WeatherViewAsync.swift */; };
		10A53B842CDC131D00D1D8F8 /* WeatherData.swift in Sources */ = {isa = PBXBuildFile; fileRef = 10A53B792CDC131D00D1D8F8 /* WeatherData.swift */; };
		10A53B852CDC131D00D1D8F8 /* WeatherFall2024App.swift in Sources */ = {isa = PBXBuildFile; fileRef = 10A53B7A2CDC131D00D1D8F8 /* WeatherFall2024App.swift */; };
		10A53B862CDC131D00D1D8F8 /* WeatherService.swift in Sources */ = {isa = PBXBuildFile; fileRef = 10A53B7B2CDC131D00D1D8F8 /* WeatherService.swift */; };
		10A53B872CDC131D00D1D8F8 /* WeatherServiceAsync.swift in Sources */ = {isa = PBXBuildFile; fileRef = 10A53B7C2CDC131D00D1D8F8 /* WeatherServiceAsync.swift */; };
		10A53B882CDC131D00D1D8F8 /* WeatherViewModel.swift in Sources */ = {isa = PBXBuildFile; fileRef = 10A53B7D2CDC131D00D1D8F8 /* WeatherViewModel.swift */; };
		10A53B892CDC131D00D1D8F8 /* WeatherViewModelAsync.swift in Sources */ = {isa = PBXBuildFile; fileRef = 10A53B7E2CDC131D00D1D8F8 /* WeatherViewModelAsync.swift */; };
/* End PBXBuildFile section */

/* Begin PBXFileReference section */
		10A53B512CDC10D700D1D8F8 /* WeatherFall2024.app */ = {isa = PBXFileReference; explicitFileType = wrapper.application; includeInIndex = 0; path = WeatherFall2024.app; sourceTree = BUILT_PRODUCTS_DIR; };
		10A53B742CDC131D00D1D8F8 /* Preview Assets.xcassets */ = {isa = PBXFileReference; lastKnownFileType = folder.assetcatalog; path = "Preview Assets.xcassets"; sourceTree = "<group>"; };
		10A53B762CDC131D00D1D8F8 /* Assets.xcassets */ = {isa = PBXFileReference; lastKnownFileType = folder.assetcatalog; path = Assets.xcassets; sourceTree = "<group>"; };
		10A53B772CDC131D00D1D8F8 /* WeatherView.swift */ = {isa = PBXFileReference; lastKnownFileType = sourcecode.swift; path = WeatherView.swift; sourceTree = "<group>"; };
		10A53B782CDC131D00D1D8F8 /* WeatherViewAsync.swift */ = {isa = PBXFileReference; lastKnownFileType = sourcecode.swift; path = WeatherViewAsync.swift; sourceTree = "<group>"; };
		10A53B792CDC131D00D1D8F8 /* WeatherData.swift */ = {isa = PBXFileReference; lastKnownFileType = sourcecode.swift; path = WeatherData.swift; sourceTree = "<group>"; };
		10A53B7A2CDC131D00D1D8F8 /* WeatherFall2024App.swift */ = {isa = PBXFileReference; lastKnownFileType = sourcecode.swift; path = WeatherFall2024App.swift; sourceTree = "<group>"; };
		10A53B7B2CDC131D00D1D8F8 /* WeatherService.swift */ = {isa = PBXFileReference; lastKnownFileType = sourcecode.swift; path = WeatherService.swift; sourceTree = "<group>"; };
		10A53B7C2CDC131D00D1D8F8 /* WeatherServiceAsync.swift */ = {isa = PBXFileReference; lastKnownFileType = sourcecode.swift; path = WeatherServiceAsync.swift; sourceTree = "<group>"; };
		10A53B7D2CDC131D00D1D8F8 /* WeatherViewModel.swift */ = {isa = PBXFileReference; lastKnownFileType = sourcecode.swift; path = WeatherViewModel.swift; sourceTree = "<group>"; };
		10A53B7E2CDC131D00D1D8F8 /* WeatherViewModelAsync.swift */ = {isa = PBXFileReference; lastKnownFileType = sourcecode.swift; path = WeatherViewModelAsync.swift; sourceTree = "<group>"; };
		10A53B8C2CDC147400D1D8F8 /* Info.plist */ = {isa = PBXFileReference; lastKnownFileType = text.plist; path = Info.plist; sourceTree = "<group>"; };
/* End PBXFileReference section */

/* Begin PBXFrameworksBuildPhase section */
		10A53B4E2CDC10D700D1D8F8 /* Frameworks */ = {
			isa = PBXFrameworksBuildPhase;
			buildActionMask = 2147483647;
			files = (
			);
			runOnlyForDeploymentPostprocessing = 0;
		};
/* End PBXFrameworksBuildPhase section */

/* Begin PBXGroup section */
		10A53B482CDC10D700D1D8F8 = {
			isa = PBXGroup;
			children = (
				10A53B7F2CDC131D00D1D8F8 /* WeatherFall2024 */,
				10A53B522CDC10D700D1D8F8 /* Products */,
			);
			sourceTree = "<group>";
		};
		10A53B522CDC10D700D1D8F8 /* Products */ = {
			isa = PBXGroup;
			children = (
				10A53B512CDC10D700D1D8F8 /* WeatherFall2024.app */,
			);
			name = Products;
			sourceTree = "<group>";
		};
		10A53B752CDC131D00D1D8F8 /* Preview Content */ = {
			isa = PBXGroup;
			children = (
				10A53B742CDC131D00D1D8F8 /* Preview Assets.xcassets */,
			);
			path = "Preview Content";
			sourceTree = "<group>";
		};
		10A53B7F2CDC131D00D1D8F8 /* WeatherFall2024 */ = {
			isa = PBXGroup;
			children = (
				10A53B8C2CDC147400D1D8F8 /* Info.plist */,
				10A53B7A2CDC131D00D1D8F8 /* WeatherFall2024App.swift */,
				10A53B792CDC131D00D1D8F8 /* WeatherData.swift */,
				10A53B8A2CDC134500D1D8F8 /* Async */,
				10A53B8B2CDC135E00D1D8F8 /* Closure */,
				10A53B752CDC131D00D1D8F8 /* Preview Content */,
				10A53B762CDC131D00D1D8F8 /* Assets.xcassets */,
			);
			path = WeatherFall2024;
			sourceTree = "<group>";
		};
		10A53B8A2CDC134500D1D8F8 /* Async */ = {
			isa = PBXGroup;
			children = (
				10A53B782CDC131D00D1D8F8 /* WeatherViewAsync.swift */,
				10A53B7E2CDC131D00D1D8F8 /* WeatherViewModelAsync.swift */,
				10A53B7C2CDC131D00D1D8F8 /* WeatherServiceAsync.swift */,
			);
			path = Async;
			sourceTree = "<group>";
		};
		10A53B8B2CDC135E00D1D8F8 /* Closure */ = {
			isa = PBXGroup;
			children = (
				10A53B772CDC131D00D1D8F8 /* WeatherView.swift */,
				10A53B7D2CDC131D00D1D8F8 /* WeatherViewModel.swift */,
				10A53B7B2CDC131D00D1D8F8 /* WeatherService.swift */,
			);
			path = Closure;
			sourceTree = "<group>";
		};
/* End PBXGroup section */

/* Begin PBXNativeTarget section */
		10A53B502CDC10D700D1D8F8 /* WeatherFall2024 */ = {
			isa = PBXNativeTarget;
			buildConfigurationList = 10A53B5F2CDC10D900D1D8F8 /* Build configuration list for PBXNativeTarget "WeatherFall2024" */;
			buildPhases = (
				10A53B4D2CDC10D700D1D8F8 /* Sources */,
				10A53B4E2CDC10D700D1D8F8 /* Frameworks */,
				10A53B4F2CDC10D700D1D8F8 /* Resources */,
			);
			buildRules = (
			);
			dependencies = (
			);
			name = WeatherFall2024;
			packageProductDependencies = (
			);
			productName = WeatherFall2024;
			productReference = 10A53B512CDC10D700D1D8F8 /* WeatherFall2024.app */;
			productType = "com.apple.product-type.application";
		};
/* End PBXNativeTarget section */

/* Begin PBXProject section */
		10A53B492CDC10D700D1D8F8 /* Project object */ = {
			isa = PBXProject;
			attributes = {
				BuildIndependentTargetsInParallel = 1;
				LastSwiftUpdateCheck = 1610;
				LastUpgradeCheck = 1610;
				TargetAttributes = {
					10A53B502CDC10D700D1D8F8 = {
						CreatedOnToolsVersion = 16.1;
					};
				};
			};
			buildConfigurationList = 10A53B4C2CDC10D700D1D8F8 /* Build configuration list for PBXProject "WeatherFall2024" */;
			developmentRegion = en;
			hasScannedForEncodings = 0;
			knownRegions = (
				en,
				Base,
			);
			mainGroup = 10A53B482CDC10D700D1D8F8;
			minimizedProjectReferenceProxies = 1;
			preferredProjectObjectVersion = 77;
			productRefGroup = 10A53B522CDC10D700D1D8F8 /* Products */;
			projectDirPath = "";
			projectRoot = "";
			targets = (
				10A53B502CDC10D700D1D8F8 /* WeatherFall2024 */,
			);
		};
/* End PBXProject section */

/* Begin PBXResourcesBuildPhase section */
		10A53B4F2CDC10D700D1D8F8 /* Resources */ = {
			isa = PBXResourcesBuildPhase;
			buildActionMask = 2147483647;
			files = (
				10A53B802CDC131D00D1D8F8 /* Preview Assets.xcassets in Resources */,
				10A53B812CDC131D00D1D8F8 /* Assets.xcassets in Resources */,
			);
			runOnlyForDeploymentPostprocessing = 0;
		};
/* End PBXResourcesBuildPhase section */

/* Begin PBXSourcesBuildPhase section */
		10A53B4D2CDC10D700D1D8F8 /* Sources */ = {
			isa = PBXSourcesBuildPhase;
			buildActionMask = 2147483647;
			files = (
				10A53B822CDC131D00D1D8F8 /* WeatherView.swift in Sources */,
				10A53B832CDC131D00D1D8F8 /* WeatherViewAsync.swift in Sources */,
				10A53B842CDC131D00D1D8F8 /* WeatherData.swift in Sources */,
				10A53B852CDC131D00D1D8F8 /* WeatherFall2024App.swift in Sources */,
				10A53B862CDC131D00D1D8F8 /* WeatherService.swift in Sources */,
				10A53B872CDC131D00D1D8F8 /* WeatherServiceAsync.swift in Sources */,
				10A53B882CDC131D00D1D8F8 /* WeatherViewModel.swift in Sources */,
				10A53B892CDC131D00D1D8F8 /* WeatherViewModelAsync.swift in Sources */,
			);
			runOnlyForDeploymentPostprocessing = 0;
		};
/* End PBXSourcesBuildPhase section */

/* Begin XCBuildConfiguration section */
		10A53B5D2CDC10D900D1D8F8 /* Debug */ = {
			isa = XCBuildConfiguration;
			buildSettings = {
				ALWAYS_SEARCH_USER_PATHS = NO;
				ASSETCATALOG_COMPILER_GENERATE_SWIFT_ASSET_SYMBOL_EXTENSIONS = YES;
				CLANG_ANALYZER_NONNULL = YES;
				CLANG_ANALYZER_NUMBER_OBJECT_CONVERSION = YES_AGGRESSIVE;
				CLANG_CXX_LANGUAGE_STANDARD = "gnu++20";
				CLANG_ENABLE_MODULES = YES;
				CLANG_ENABLE_OBJC_ARC = YES;
				CLANG_ENABLE_OBJC_WEAK = YES;
				CLANG_WARN_BLOCK_CAPTURE_AUTORELEASING = YES;
				CLANG_WARN_BOOL_CONVERSION = YES;
				CLANG_WARN_COMMA = YES;
				CLANG_WARN_CONSTANT_CONVERSION = YES;
				CLANG_WARN_DEPRECATED_OBJC_IMPLEMENTATIONS = YES;
				CLANG_WARN_DIRECT_OBJC_ISA_USAGE = YES_ERROR;
				CLANG_WARN_DOCUMENTATION_COMMENTS = YES;
				CLANG_WARN_EMPTY_BODY = YES;
				CLANG_WARN_ENUM_CONVERSION = YES;
				CLANG_WARN_INFINITE_RECURSION = YES;
				CLANG_WARN_INT_CONVERSION = YES;
				CLANG_WARN_NON_LITERAL_NULL_CONVERSION = YES;
				CLANG_WARN_OBJC_IMPLICIT_RETAIN_SELF = YES;
				CLANG_WARN_OBJC_LITERAL_CONVERSION = YES;
				CLANG_WARN_OBJC_ROOT_CLASS = YES_ERROR;
				CLANG_WARN_QUOTED_INCLUDE_IN_FRAMEWORK_HEADER = YES;
				CLANG_WARN_RANGE_LOOP_ANALYSIS = YES;
				CLANG_WARN_STRICT_PROTOTYPES = YES;
				CLANG_WARN_SUSPICIOUS_MOVE = YES;
				CLANG_WARN_UNGUARDED_AVAILABILITY = YES_AGGRESSIVE;
				CLANG_WARN_UNREACHABLE_CODE = YES;
				CLANG_WARN__DUPLICATE_METHOD_MATCH = YES;
				COPY_PHASE_STRIP = NO;
				DEBUG_INFORMATION_FORMAT = dwarf;
				ENABLE_STRICT_OBJC_MSGSEND = YES;
				ENABLE_TESTABILITY = YES;
				ENABLE_USER_SCRIPT_SANDBOXING = YES;
				GCC_C_LANGUAGE_STANDARD = gnu17;
				GCC_DYNAMIC_NO_PIC = NO;
				GCC_NO_COMMON_BLOCKS = YES;
				GCC_OPTIMIZATION_LEVEL = 0;
				GCC_PREPROCESSOR_DEFINITIONS = (
					"DEBUG=1",
					"$(inherited)",
				);
				GCC_WARN_64_TO_32_BIT_CONVERSION = YES;
				GCC_WARN_ABOUT_RETURN_TYPE = YES_ERROR;
				GCC_WARN_UNDECLARED_SELECTOR = YES;
				GCC_WARN_UNINITIALIZED_AUTOS = YES_AGGRESSIVE;
				GCC_WARN_UNUSED_FUNCTION = YES;
				GCC_WARN_UNUSED_VARIABLE = YES;
				IPHONEOS_DEPLOYMENT_TARGET = 18.1;
				LOCALIZATION_PREFERS_STRING_CATALOGS = YES;
				MTL_ENABLE_DEBUG_INFO = INCLUDE_SOURCE;
				MTL_FAST_MATH = YES;
				ONLY_ACTIVE_ARCH = YES;
				SDKROOT = iphoneos;
				SWIFT_ACTIVE_COMPILATION_CONDITIONS = "DEBUG $(inherited)";
				SWIFT_OPTIMIZATION_LEVEL = "-Onone";
			};
			name = Debug;
		};
		10A53B5E2CDC10D900D1D8F8 /* Release */ = {
			isa = XCBuildConfiguration;
			buildSettings = {
				ALWAYS_SEARCH_USER_PATHS = NO;
				ASSETCATALOG_COMPILER_GENERATE_SWIFT_ASSET_SYMBOL_EXTENSIONS = YES;
				CLANG_ANALYZER_NONNULL = YES;
				CLANG_ANALYZER_NUMBER_OBJECT_CONVERSION = YES_AGGRESSIVE;
				CLANG_CXX_LANGUAGE_STANDARD = "gnu++20";
				CLANG_ENABLE_MODULES = YES;
				CLANG_ENABLE_OBJC_ARC = YES;
				CLANG_ENABLE_OBJC_WEAK = YES;
				CLANG_WARN_BLOCK_CAPTURE_AUTORELEASING = YES;
				CLANG_WARN_BOOL_CONVERSION = YES;
				CLANG_WARN_COMMA = YES;
				CLANG_WARN_CONSTANT_CONVERSION = YES;
				CLANG_WARN_DEPRECATED_OBJC_IMPLEMENTATIONS = YES;
				CLANG_WARN_DIRECT_OBJC_ISA_USAGE = YES_ERROR;
				CLANG_WARN_DOCUMENTATION_COMMENTS = YES;
				CLANG_WARN_EMPTY_BODY = YES;
				CLANG_WARN_ENUM_CONVERSION = YES;
				CLANG_WARN_INFINITE_RECURSION = YES;
				CLANG_WARN_INT_CONVERSION = YES;
				CLANG_WARN_NON_LITERAL_NULL_CONVERSION = YES;
				CLANG_WARN_OBJC_IMPLICIT_RETAIN_SELF = YES;
				CLANG_WARN_OBJC_LITERAL_CONVERSION = YES;
				CLANG_WARN_OBJC_ROOT_CLASS = YES_ERROR;
				CLANG_WARN_QUOTED_INCLUDE_IN_FRAMEWORK_HEADER = YES;
				CLANG_WARN_RANGE_LOOP_ANALYSIS = YES;
				CLANG_WARN_STRICT_PROTOTYPES = YES;
				CLANG_WARN_SUSPICIOUS_MOVE = YES;
				CLANG_WARN_UNGUARDED_AVAILABILITY = YES_AGGRESSIVE;
				CLANG_WARN_UNREACHABLE_CODE = YES;
				CLANG_WARN__DUPLICATE_METHOD_MATCH = YES;
				COPY_PHASE_STRIP = NO;
				DEBUG_INFORMATION_FORMAT = "dwarf-with-dsym";
				ENABLE_NS_ASSERTIONS = NO;
				ENABLE_STRICT_OBJC_MSGSEND = YES;
				ENABLE_USER_SCRIPT_SANDBOXING = YES;
				GCC_C_LANGUAGE_STANDARD = gnu17;
				GCC_NO_COMMON_BLOCKS = YES;
				GCC_WARN_64_TO_32_BIT_CONVERSION = YES;
				GCC_WARN_ABOUT_RETURN_TYPE = YES_ERROR;
				GCC_WARN_UNDECLARED_SELECTOR = YES;
				GCC_WARN_UNINITIALIZED_AUTOS = YES_AGGRESSIVE;
				GCC_WARN_UNUSED_FUNCTION = YES;
				GCC_WARN_UNUSED_VARIABLE = YES;
				IPHONEOS_DEPLOYMENT_TARGET = 18.1;
				LOCALIZATION_PREFERS_STRING_CATALOGS = YES;
				MTL_ENABLE_DEBUG_INFO = NO;
				MTL_FAST_MATH = YES;
				SDKROOT = iphoneos;
				SWIFT_COMPILATION_MODE = wholemodule;
				VALIDATE_PRODUCT = YES;
			};
			name = Release;
		};
		10A53B602CDC10D900D1D8F8 /* Debug */ = {
			isa = XCBuildConfiguration;
			buildSettings = {
				ASSETCATALOG_COMPILER_APPICON_NAME = AppIcon;
				ASSETCATALOG_COMPILER_GLOBAL_ACCENT_COLOR_NAME = AccentColor;
				CODE_SIGN_STYLE = Automatic;
				CURRENT_PROJECT_VERSION = 1;
				DEVELOPMENT_ASSET_PATHS = "\"WeatherFall2024/Preview Content\"";
				DEVELOPMENT_TEAM = TE487R478V;
				ENABLE_PREVIEWS = YES;
				GENERATE_INFOPLIST_FILE = YES;
				INFOPLIST_FILE = WeatherFall2024/Info.plist;
				INFOPLIST_KEY_UIApplicationSceneManifest_Generation = YES;
				INFOPLIST_KEY_UIApplicationSupportsIndirectInputEvents = YES;
				INFOPLIST_KEY_UILaunchScreen_Generation = YES;
				INFOPLIST_KEY_UISupportedInterfaceOrientations_iPad = "UIInterfaceOrientationPortrait UIInterfaceOrientationPortraitUpsideDown UIInterfaceOrientationLandscapeLeft UIInterfaceOrientationLandscapeRight";
				INFOPLIST_KEY_UISupportedInterfaceOrientations_iPhone = "UIInterfaceOrientationPortrait UIInterfaceOrientationLandscapeLeft UIInterfaceOrientationLandscapeRight";
				LD_RUNPATH_SEARCH_PATHS = (
					"$(inherited)",
					"@executable_path/Frameworks",
				);
				MARKETING_VERSION = 1.0;
				PRODUCT_BUNDLE_IDENTIFIER = com.algonquincollege.WeatherFall2024;
				PRODUCT_NAME = "$(TARGET_NAME)";
				SWIFT_EMIT_LOC_STRINGS = YES;
				SWIFT_VERSION = 5.0;
				TARGETED_DEVICE_FAMILY = "1,2";
			};
			name = Debug;
		};
		10A53B612CDC10D900D1D8F8 /* Release */ = {
			isa = XCBuildConfiguration;
			buildSettings = {
				ASSETCATALOG_COMPILER_APPICON_NAME = AppIcon;
				ASSETCATALOG_COMPILER_GLOBAL_ACCENT_COLOR_NAME = AccentColor;
				CODE_SIGN_STYLE = Automatic;
				CURRENT_PROJECT_VERSION = 1;
				DEVELOPMENT_ASSET_PATHS = "\"WeatherFall2024/Preview Content\"";
				DEVELOPMENT_TEAM = TE487R478V;
				ENABLE_PREVIEWS = YES;
				GENERATE_INFOPLIST_FILE = YES;
				INFOPLIST_FILE = WeatherFall2024/Info.plist;
				INFOPLIST_KEY_UIApplicationSceneManifest_Generation = YES;
				INFOPLIST_KEY_UIApplicationSupportsIndirectInputEvents = YES;
				INFOPLIST_KEY_UILaunchScreen_Generation = YES;
				INFOPLIST_KEY_UISupportedInterfaceOrientations_iPad = "UIInterfaceOrientationPortrait UIInterfaceOrientationPortraitUpsideDown UIInterfaceOrientationLandscapeLeft UIInterfaceOrientationLandscapeRight";
				INFOPLIST_KEY_UISupportedInterfaceOrientations_iPhone = "UIInterfaceOrientationPortrait UIInterfaceOrientationLandscapeLeft UIInterfaceOrientationLandscapeRight";
				LD_RUNPATH_SEARCH_PATHS = (
					"$(inherited)",
					"@executable_path/Frameworks",
				);
				MARKETING_VERSION = 1.0;
				PRODUCT_BUNDLE_IDENTIFIER = com.algonquincollege.WeatherFall2024;
				PRODUCT_NAME = "$(TARGET_NAME)";
				SWIFT_EMIT_LOC_STRINGS = YES;
				SWIFT_VERSION = 5.0;
				TARGETED_DEVICE_FAMILY = "1,2";
			};
			name = Release;
		};
/* End XCBuildConfiguration section */

/* Begin XCConfigurationList section */
		10A53B4C2CDC10D700D1D8F8 /* Build configuration list for PBXProject "WeatherFall2024" */ = {
			isa = XCConfigurationList;
			buildConfigurations = (
				10A53B5D2CDC10D900D1D8F8 /* Debug */,
				10A53B5E2CDC10D900D1D8F8 /* Release */,
			);
			defaultConfigurationIsVisible = 0;
			defaultConfigurationName = Release;
		};
		10A53B5F2CDC10D900D1D8F8 /* Build configuration list for PBXNativeTarget "WeatherFall2024" */ = {
			isa = XCConfigurationList;
			buildConfigurations = (
				10A53B602CDC10D900D1D8F8 /* Debug */,
				10A53B612CDC10D900D1D8F8 /* Release */,
			);
			defaultConfigurationIsVisible = 0;
			defaultConfigurationName = Release;
		};
/* End XCConfigurationList section */
	};
	rootObject = 10A53B492CDC10D700D1D8F8 /* Project object */;
}
